
Microsoft Visual Studio Solution File, Format Version 12.00
# Visual Studio Version 17
VisualStudioVersion = 17.1.32421.90
MinimumVisualStudioVersion = 10.0.40219.1
Project("{FAE04EC0-301F-11D3-BF4B-00C04F79EFBC}") = "WinForms+BancoDeDados", "WinForms+BancoDeDados\WinForms+BancoDeDados.csproj", "{9577598D-BCAF-403C-B201-6D02DD448FC0}"
EndProject
Global
	GlobalSection(SolutionConfigurationPlatforms) = preSolution
		Debug|Any CPU = Debug|Any CPU
		Release|Any CPU = Release|Any CPU
	EndGlobalSection
	GlobalSection(ProjectConfigurationPlatforms) = postSolution
		{9577598D-BCAF-403C-B201-6D02DD448FC0}.Debug|Any CPU.ActiveCfg = Debug|Any CPU
		{9577598D-BCAF-403C-B201-6D02DD448FC0}.Debug|Any CPU.Build.0 = Debug|Any CPU
		{9577598D-BCAF-403C-B201-6D02DD448FC0}.Release|Any CPU.ActiveCfg = Release|Any CPU
		{9577598D-BCAF-403C-B201-6D02DD448FC0}.Release|Any CPU.Build.0 = Release|Any CPU
	EndGlobalSection
	GlobalSection(SolutionProperties) = preSolution
		HideSolutionNode = FALSE
	EndGlobalSection
	GlobalSection(ExtensibilityGlobals) = postSolution
		SolutionGuid = {C8332A8E-ECFC-4F5B-AF2C-D9DE0E728327}
	EndGlobalSection
EndGlobal
